PODS:
  - GoogleMaps (3.0.3):
    - GoogleMaps/Maps (= 3.0.3)
  - GoogleMaps/Base (3.0.3)
  - GoogleMaps/Maps (3.0.3):
    - GoogleMaps/Base

DEPENDENCIES:
  - GoogleMaps

SPEC REPOS:
  https://github.com/cocoapods/specs.git:
    - GoogleMaps

SPEC CHECKSUMS:
  GoogleMaps: fd5c9fa58871781b9fb94d4936f19c69fe60ce32

PODFILE CHECKSUM: f11eddbbee8e6df5e68f93c13cab9def66e3238f

COCOAPODS: 1.5.3
